{
  "originHash" : "62b479b9781705290f63d5e77cd0fe80f9bf9e340c52053af39203441841d987",
  "pins" : [
    {
      "identity" : "keyboardshortcuts",
      "kind" : "remoteSourceControl",
      "location" : "https://github.com/sindresorhus/KeyboardShortcuts",
      "state" : {
        "revision" : "045cf174010beb335fa1d2567d18c057b8787165",
        "version" : "2.3.0"
      }
    }
  ],
  "version" : 3
}
