{
  "originHash" : "0c2fefb6b69b91cc9d81435cc831b66ade75b9e186e50af0e996ce3f5f40b270",
  "pins" : [
    {
      "identity" : "keyboardshortcuts",
      "kind" : "remoteSourceControl",
      "location" : "https://github.com/sindresorhus/KeyboardShortcuts",
      "state" : {
        "revision" : "e6b60117ec266e1e5d059f7f34815144f9762b36",
        "version" : "2.0.2"
      }
    }
  ],
  "version" : 3
}
